{
  "version": 4,
  "terraform_version": "1.6.0",
  "serial": 410,
  "lineage": "e10f7b6e-f254-d65e-e100-f79d6d443120",
  "outputs": {
    "Ssubnet_ids": {
      "value": "subnet-0cbd336d22e7d8e8b",
      "type": "string"
    },
    "cluster_id": {
      "value": "eks",
      "type": "string"
    },
    "cluster_token": {
      "value": "k8s-aws-v1.aHR0cHM6Ly9zdHMuZXUtd2VzdC0xLmFtYXpvbmF3cy5jb20vP0FjdGlvbj1HZXRDYWxsZXJJZGVudGl0eSZWZXJzaW9uPTIwMTEtMDYtMTUmWC1BbXotQWxnb3JpdGhtPUFXUzQtSE1BQy1TSEEyNTYmWC1BbXotQ3JlZGVudGlhbD1BS0lBVUJLRkNNQU8zSVhLM0FQUCUyRjIwMjUwMTIxJTJGZXUtd2VzdC0xJTJGc3RzJTJGYXdzNF9yZXF1ZXN0JlgtQW16LURhdGU9MjAyNTAxMjFUMTkxNDUzWiZYLUFtei1FeHBpcmVzPTAmWC1BbXotU2lnbmVkSGVhZGVycz1ob3N0JTNCeC1rOHMtYXdzLWlkJlgtQW16LVNpZ25hdHVyZT04M2FjNDQyNDYxNGU4ODlmNDQ5MjA3ZDU2YmVkNTJmYzg3N2JiNmYyODc3YmFiYTU4MTNiOGZhZDMxNTRkMzBl",
      "type": "string",
      "sensitive": true
    },
    "ec2": {
      "value": "34.246.134.229",
      "type": "string"
    },
    "eks_cluster_endpoint": {
      "value": "https://1E644670E8F4D8698E2AE824DE8BA270.gr7.eu-west-1.eks.amazonaws.com",
      "type": "string"
    },
    "eks_cluster_name": {
      "value": "eks",
      "type": "string"
    },
    "fsubnet_ids": {
      "value": "subnet-00353e1173b46bb51",
      "type": "string"
    },
    "node_group_id": {
      "value": "eks:node-group",
      "type": "string"
    },
    "vpc_id": {
      "value": "vpc-0b6c0396f8aebb6a6",
      "type": "string"
    }
  },
  "resources": [
    {
      "mode": "data",
      "type": "aws_eks_cluster",
      "name": "eks",
      "provider": "provider[\"registry.terraform.io/hashicorp/aws\"]",
      "instances": [
        {
          "schema_version": 0,
          "attributes": {
            "access_config": [
              {
                "authentication_mode": "CONFIG_MAP",
                "bootstrap_cluster_creator_admin_permissions": true
              }
            ],
            "arn": "arn:aws:eks:eu-west-1:277707120669:cluster/eks",
            "certificate_authority": [
              {
                "data": "LS0tLS1CRUdJTiBDRVJUSUZJQ0FURS0tLS0tCk1JSURCVENDQWUyZ0F3SUJBZ0lJS3BZd1ZUdTNaYWd3RFFZSktvWklodmNOQVFFTEJRQXdGVEVUTUJFR0ExVUUKQXhNS2EzVmlaWEp1WlhSbGN6QWVGdzB5TlRBeE1qRXhPRFF5TkRKYUZ3MHpOVEF4TVRreE9EUTNOREphTUJVeApFekFSQmdOVkJBTVRDbXQxWW1WeWJtVjBaWE13Z2dFaU1BMEdDU3FHU0liM0RRRUJBUVVBQTRJQkR3QXdnZ0VLCkFvSUJBUUNZaW5Vb3hjTGdYWDNZWHBkbE1sNzhtbVlOWitwU01qRHBybGUwdExpRWpGSGN5TWtrbmFtekZYRU0KY280RVBtOU82Nit1L0RsVE9xWmc0L2dENk9oQWZiUmFSaS9pcU9iSFY1T2pQdHJOYllndGdhMlpVeDN1a1loWAp1Sng4eXh6M1N4NnhqRTkvcTl5cGFRbnRyQ1BCM1JOMHdyaFNQWjhmTzhTWExDLzhWWlhPck1qdnBHTHpqRm54CmhualJLTUpQZmxZTGNEVDJ6OHhoVllscFgxelAyNExZN0tuSzlvajV1eTltdllQZUtQaWZMSUtlRlBDWTAzTkMKMUlSM0ZXL3Vna1pFYk1vZ0FDMkE0VlprMUpncW83d2dkbStkZ24zeEgyWXQrdGkra0UzYU04Q290bzlJL2NrRwpFeW54aTVaNVZmb2dGanhFSVc0OFM1Y3k2ZUNCQWdNQkFBR2pXVEJYTUE0R0ExVWREd0VCL3dRRUF3SUNwREFQCkJnTlZIUk1CQWY4RUJUQURBUUgvTUIwR0ExVWREZ1FXQkJRMWJtUUg5VDdBYVc5R0tKY3FkQ244OHVCajl6QVYKQmdOVkhSRUVEakFNZ2dwcmRXSmxjbTVsZEdWek1BMEdDU3FHU0liM0RRRUJDd1VBQTRJQkFRQXBoVFJlNDRMagpMNnVsTUhvSmxzZ29ialE2V2FTaWZaL3hLM3dNSTVNR3F6WThMdC9zenBmQVhOa21TNEROTUU0eXZ3NmNlRWowCkx5ekFseU1NZVZ4RmNpYitHOUc5Vk5HZDJnZ2l0U3VOS3g3cWtSOEhuM1o3R3lHeHpwMmVxZ1dQbzQ4WnRwZ1UKUVFoRE1tZUtmbS92c2dyMWp3QjAzT0xuazF1R2dmdWFjS0tFNjZDUHIzMlJ1dmVPYTZCVXZUdTBLbFNnaHFZYgpNdDR5alFSVnBlSDVTL1JKNFphTVkxeXhXdzVXaVovaGloclRUZlJKUmRrOUc0ZjlHUHRhRllvaHFXcFNEZUxaCithZ1JRV3ExVTRsbEhvRWtSaklEMjRoMlI5VVJvVjYrRmhCbVNONEh4TWVGUWdVL2VGcGNWRFppOERzcDUyOE0KYTFDYUVMNTd1S3pwCi0tLS0tRU5EIENFUlRJRklDQVRFLS0tLS0K"
              }
            ],
            "cluster_id": null,
            "compute_config": [],
            "created_at": "2025-01-21T18:43:59Z",
            "enabled_cluster_log_types": [],
            "endpoint": "https://1E644670E8F4D8698E2AE824DE8BA270.gr7.eu-west-1.eks.amazonaws.com",
            "id": "eks",
            "identity": [
              {
                "oidc": [
                  {
                    "issuer": "https://oidc.eks.eu-west-1.amazonaws.com/id/1E644670E8F4D8698E2AE824DE8BA270"
                  }
                ]
              }
            ],
            "kubernetes_network_config": [
              {
                "elastic_load_balancing": [
                  {
                    "enabled": false
                  }
                ],
                "ip_family": "ipv4",
                "service_ipv4_cidr": "172.20.0.0/16",
                "service_ipv6_cidr": ""
              }
            ],
            "name": "eks",
            "outpost_config": [],
            "platform_version": "eks.17",
            "remote_network_config": [],
            "role_arn": "arn:aws:iam::277707120669:role/cluster-role",
            "status": "ACTIVE",
            "storage_config": [],
            "tags": {},
            "upgrade_policy": [
              {
                "support_type": "EXTENDED"
              }
            ],
            "version": "1.31",
            "vpc_config": [
              {
                "cluster_security_group_id": "sg-0fea9163f047e6926",
                "endpoint_private_access": false,
                "endpoint_public_access": true,
                "public_access_cidrs": [
                  "0.0.0.0/0"
                ],
                "security_group_ids": [
                  "sg-00b03bae6959a196d"
                ],
                "subnet_ids": [
                  "subnet-00353e1173b46bb51",
                  "subnet-0cbd336d22e7d8e8b"
                ],
                "vpc_id": "vpc-0b6c0396f8aebb6a6"
              }
            ],
            "zonal_shift_config": []
          },
          "sensitive_attributes": []
        }
      ]
    },
    {
      "mode": "data",
      "type": "aws_eks_cluster_auth",
      "name": "eks",
      "provider": "provider[\"registry.terraform.io/hashicorp/aws\"]",
      "instances": [
        {
          "schema_version": 0,
          "attributes": {
            "id": "eks",
            "name": "eks",
            "token": "k8s-aws-v1.aHR0cHM6Ly9zdHMuZXUtd2VzdC0xLmFtYXpvbmF3cy5jb20vP0FjdGlvbj1HZXRDYWxsZXJJZGVudGl0eSZWZXJzaW9uPTIwMTEtMDYtMTUmWC1BbXotQWxnb3JpdGhtPUFXUzQtSE1BQy1TSEEyNTYmWC1BbXotQ3JlZGVudGlhbD1BS0lBVUJLRkNNQU8zSVhLM0FQUCUyRjIwMjUwMTIxJTJGZXUtd2VzdC0xJTJGc3RzJTJGYXdzNF9yZXF1ZXN0JlgtQW16LURhdGU9MjAyNTAxMjFUMTkxNDUzWiZYLUFtei1FeHBpcmVzPTAmWC1BbXotU2lnbmVkSGVhZGVycz1ob3N0JTNCeC1rOHMtYXdzLWlkJlgtQW16LVNpZ25hdHVyZT04M2FjNDQyNDYxNGU4ODlmNDQ5MjA3ZDU2YmVkNTJmYzg3N2JiNmYyODc3YmFiYTU4MTNiOGZhZDMxNTRkMzBl"
          },
          "sensitive_attributes": []
        }
      ]
    },
    {
      "mode": "managed",
      "type": "aws_eks_cluster",
      "name": "eks",
      "provider": "provider[\"registry.terraform.io/hashicorp/aws\"]",
      "instances": [
        {
          "schema_version": 1,
          "attributes": {
            "access_config": [
              {
                "authentication_mode": "CONFIG_MAP",
                "bootstrap_cluster_creator_admin_permissions": true
              }
            ],
            "arn": "arn:aws:eks:eu-west-1:277707120669:cluster/eks",
            "bootstrap_self_managed_addons": true,
            "certificate_authority": [
              {
                "data": "LS0tLS1CRUdJTiBDRVJUSUZJQ0FURS0tLS0tCk1JSURCVENDQWUyZ0F3SUJBZ0lJS3BZd1ZUdTNaYWd3RFFZSktvWklodmNOQVFFTEJRQXdGVEVUTUJFR0ExVUUKQXhNS2EzVmlaWEp1WlhSbGN6QWVGdzB5TlRBeE1qRXhPRFF5TkRKYUZ3MHpOVEF4TVRreE9EUTNOREphTUJVeApFekFSQmdOVkJBTVRDbXQxWW1WeWJtVjBaWE13Z2dFaU1BMEdDU3FHU0liM0RRRUJBUVVBQTRJQkR3QXdnZ0VLCkFvSUJBUUNZaW5Vb3hjTGdYWDNZWHBkbE1sNzhtbVlOWitwU01qRHBybGUwdExpRWpGSGN5TWtrbmFtekZYRU0KY280RVBtOU82Nit1L0RsVE9xWmc0L2dENk9oQWZiUmFSaS9pcU9iSFY1T2pQdHJOYllndGdhMlpVeDN1a1loWAp1Sng4eXh6M1N4NnhqRTkvcTl5cGFRbnRyQ1BCM1JOMHdyaFNQWjhmTzhTWExDLzhWWlhPck1qdnBHTHpqRm54CmhualJLTUpQZmxZTGNEVDJ6OHhoVllscFgxelAyNExZN0tuSzlvajV1eTltdllQZUtQaWZMSUtlRlBDWTAzTkMKMUlSM0ZXL3Vna1pFYk1vZ0FDMkE0VlprMUpncW83d2dkbStkZ24zeEgyWXQrdGkra0UzYU04Q290bzlJL2NrRwpFeW54aTVaNVZmb2dGanhFSVc0OFM1Y3k2ZUNCQWdNQkFBR2pXVEJYTUE0R0ExVWREd0VCL3dRRUF3SUNwREFQCkJnTlZIUk1CQWY4RUJUQURBUUgvTUIwR0ExVWREZ1FXQkJRMWJtUUg5VDdBYVc5R0tKY3FkQ244OHVCajl6QVYKQmdOVkhSRUVEakFNZ2dwcmRXSmxjbTVsZEdWek1BMEdDU3FHU0liM0RRRUJDd1VBQTRJQkFRQXBoVFJlNDRMagpMNnVsTUhvSmxzZ29ialE2V2FTaWZaL3hLM3dNSTVNR3F6WThMdC9zenBmQVhOa21TNEROTUU0eXZ3NmNlRWowCkx5ekFseU1NZVZ4RmNpYitHOUc5Vk5HZDJnZ2l0U3VOS3g3cWtSOEhuM1o3R3lHeHpwMmVxZ1dQbzQ4WnRwZ1UKUVFoRE1tZUtmbS92c2dyMWp3QjAzT0xuazF1R2dmdWFjS0tFNjZDUHIzMlJ1dmVPYTZCVXZUdTBLbFNnaHFZYgpNdDR5alFSVnBlSDVTL1JKNFphTVkxeXhXdzVXaVovaGloclRUZlJKUmRrOUc0ZjlHUHRhRllvaHFXcFNEZUxaCithZ1JRV3ExVTRsbEhvRWtSaklEMjRoMlI5VVJvVjYrRmhCbVNONEh4TWVGUWdVL2VGcGNWRFppOERzcDUyOE0KYTFDYUVMNTd1S3pwCi0tLS0tRU5EIENFUlRJRklDQVRFLS0tLS0K"
              }
            ],
            "cluster_id": null,
            "compute_config": [],
            "created_at": "2025-01-21T18:43:59Z",
            "enabled_cluster_log_types": [],
            "encryption_config": [],
            "endpoint": "https://1E644670E8F4D8698E2AE824DE8BA270.gr7.eu-west-1.eks.amazonaws.com",
            "id": "eks",
            "identity": [
              {
                "oidc": [
                  {
                    "issuer": "https://oidc.eks.eu-west-1.amazonaws.com/id/1E644670E8F4D8698E2AE824DE8BA270"
                  }
                ]
              }
            ],
            "kubernetes_network_config": [
              {
                "elastic_load_balancing": [
                  {
                    "enabled": false
                  }
                ],
                "ip_family": "ipv4",
                "service_ipv4_cidr": "172.20.0.0/16",
                "service_ipv6_cidr": ""
              }
            ],
            "name": "eks",
            "outpost_config": [],
            "platform_version": "eks.17",
            "remote_network_config": [],
            "role_arn": "arn:aws:iam::277707120669:role/cluster-role",
            "status": "ACTIVE",
            "storage_config": [],
            "tags": {},
            "tags_all": {},
            "timeouts": null,
            "upgrade_policy": [
              {
                "support_type": "EXTENDED"
              }
            ],
            "version": "1.31",
            "vpc_config": [
              {
                "cluster_security_group_id": "sg-0fea9163f047e6926",
                "endpoint_private_access": false,
                "endpoint_public_access": true,
                "public_access_cidrs": [
                  "0.0.0.0/0"
                ],
                "security_group_ids": [
                  "sg-00b03bae6959a196d"
                ],
                "subnet_ids": [
                  "subnet-00353e1173b46bb51",
                  "subnet-0cbd336d22e7d8e8b"
                ],
                "vpc_id": "vpc-0b6c0396f8aebb6a6"
              }
            ],
            "zonal_shift_config": []
          },
          "sensitive_attributes": [],
          "private": "eyJlMmJmYjczMC1lY2FhLTExZTYtOGY4OC0zNDM2M2JjN2M0YzAiOnsiY3JlYXRlIjoxODAwMDAwMDAwMDAwLCJkZWxldGUiOjkwMDAwMDAwMDAwMCwidXBkYXRlIjozNjAwMDAwMDAwMDAwfSwic2NoZW1hX3ZlcnNpb24iOiIxIn0=",
          "dependencies": [
            "aws_iam_role.cluster-role",
            "aws_iam_role_policy_attachment.eks-cluster-policy",
            "aws_security_group.eks_sg",
            "aws_subnet.first_subnet",
            "aws_subnet.second_subnet",
            "aws_vpc.myvpc"
          ]
        }
      ]
    },
    {
      "mode": "managed",
      "type": "aws_eks_node_group",
      "name": "node-group",
      "provider": "provider[\"registry.terraform.io/hashicorp/aws\"]",
      "instances": [
        {
          "schema_version": 0,
          "attributes": {
            "ami_type": "AL2023_x86_64_STANDARD",
            "arn": "arn:aws:eks:eu-west-1:277707120669:nodegroup/eks/node-group/f0ca4519-b900-bb90-2774-a9c32a02ea21",
            "capacity_type": "ON_DEMAND",
            "cluster_name": "eks",
            "disk_size": 20,
            "force_update_version": null,
            "id": "eks:node-group",
            "instance_types": [
              "t2.large"
            ],
            "labels": {},
            "launch_template": [],
            "node_group_name": "node-group",
            "node_group_name_prefix": "",
            "node_repair_config": [],
            "node_role_arn": "arn:aws:iam::277707120669:role/node-role",
            "release_version": "1.31.4-20250116",
            "remote_access": [
              {
                "ec2_ssh_key": "ssh_key",
                "source_security_group_ids": [
                  "sg-00b03bae6959a196d"
                ]
              }
            ],
            "resources": [
              {
                "autoscaling_groups": [
                  {
                    "name": "eks-node-group-f0ca4519-b900-bb90-2774-a9c32a02ea21"
                  }
                ],
                "remote_access_security_group_id": "sg-0b20d30b9ca2c05b9"
              }
            ],
            "scaling_config": [
              {
                "desired_size": 2,
                "max_size": 3,
                "min_size": 1
              }
            ],
            "status": "ACTIVE",
            "subnet_ids": [
              "subnet-00353e1173b46bb51",
              "subnet-0cbd336d22e7d8e8b"
            ],
            "tags": {},
            "tags_all": {},
            "taint": [],
            "timeouts": null,
            "update_config": [
              {
                "max_unavailable": 1,
                "max_unavailable_percentage": 0
              }
            ],
            "version": "1.31"
          },
          "sensitive_attributes": [],
          "private": "eyJlMmJmYjczMC1lY2FhLTExZTYtOGY4OC0zNDM2M2JjN2M0YzAiOnsiY3JlYXRlIjozNjAwMDAwMDAwMDAwLCJkZWxldGUiOjM2MDAwMDAwMDAwMDAsInVwZGF0ZSI6MzYwMDAwMDAwMDAwMH19",
          "dependencies": [
            "aws_eks_cluster.eks",
            "aws_iam_role.cluster-role",
            "aws_iam_role.node-role",
            "aws_iam_role_policy_attachment.eks-cluster-policy",
            "aws_key_pair.ssh_key",
            "aws_security_group.eks_sg",
            "aws_subnet.first_subnet",
            "aws_subnet.second_subnet",
            "aws_vpc.myvpc"
          ]
        }
      ]
    },
    {
      "mode": "managed",
      "type": "aws_iam_role",
      "name": "cluster-role",
      "provider": "provider[\"registry.terraform.io/hashicorp/aws\"]",
      "instances": [
        {
          "schema_version": 0,
          "attributes": {
            "arn": "arn:aws:iam::277707120669:role/cluster-role",
            "assume_role_policy": "{\"Statement\":[{\"Action\":[\"sts:AssumeRole\",\"sts:TagSession\"],\"Effect\":\"Allow\",\"Principal\":{\"Service\":\"eks.amazonaws.com\"}}],\"Version\":\"2012-10-17\"}",
            "create_date": "2025-01-21T18:43:43Z",
            "description": "",
            "force_detach_policies": false,
            "id": "cluster-role",
            "inline_policy": [],
            "managed_policy_arns": [
              "arn:aws:iam::aws:policy/AmazonEKSClusterPolicy",
              "arn:aws:iam::aws:policy/AmazonEKSServicePolicy"
            ],
            "max_session_duration": 3600,
            "name": "cluster-role",
            "name_prefix": "",
            "path": "/",
            "permissions_boundary": "",
            "tags": {},
            "tags_all": {},
            "unique_id": "AROAUBKFCMAOSVXESCBPY"
          },
          "sensitive_attributes": [],
          "private": "bnVsbA=="
        }
      ]
    },
    {
      "mode": "managed",
      "type": "aws_iam_role",
      "name": "node-role",
      "provider": "provider[\"registry.terraform.io/hashicorp/aws\"]",
      "instances": [
        {
          "schema_version": 0,
          "attributes": {
            "arn": "arn:aws:iam::277707120669:role/node-role",
            "assume_role_policy": "{\"Statement\":[{\"Action\":[\"sts:AssumeRole\"],\"Effect\":\"Allow\",\"Principal\":{\"Service\":\"ec2.amazonaws.com\"}}],\"Version\":\"2012-10-17\"}",
            "create_date": "2025-01-21T18:43:43Z",
            "description": "",
            "force_detach_policies": false,
            "id": "node-role",
            "inline_policy": [],
            "managed_policy_arns": [
              "arn:aws:iam::aws:policy/AmazonEC2ContainerRegistryReadOnly",
              "arn:aws:iam::aws:policy/AmazonEC2FullAccess",
              "arn:aws:iam::aws:policy/AmazonEKSWorkerNodePolicy",
              "arn:aws:iam::aws:policy/AmazonEKS_CNI_Policy"
            ],
            "max_session_duration": 3600,
            "name": "node-role",
            "name_prefix": "",
            "path": "/",
            "permissions_boundary": "",
            "tags": {},
            "tags_all": {},
            "unique_id": "AROAUBKFCMAO4G6EN4JVV"
          },
          "sensitive_attributes": [],
          "private": "bnVsbA=="
        }
      ]
    },
    {
      "mode": "managed",
      "type": "aws_iam_role_policy_attachment",
      "name": "AmazonEC2ContainerRegistryReadOnly",
      "provider": "provider[\"registry.terraform.io/hashicorp/aws\"]",
      "instances": [
        {
          "schema_version": 0,
          "attributes": {
            "id": "node-role-20250121184345259300000001",
            "policy_arn": "arn:aws:iam::aws:policy/AmazonEC2ContainerRegistryReadOnly",
            "role": "node-role"
          },
          "sensitive_attributes": [],
          "private": "bnVsbA==",
          "dependencies": [
            "aws_iam_role.node-role"
          ]
        }
      ]
    },
    {
      "mode": "managed",
      "type": "aws_iam_role_policy_attachment",
      "name": "AmazonEKSWorkerNodePolicy",
      "provider": "provider[\"registry.terraform.io/hashicorp/aws\"]",
      "instances": [
        {
          "schema_version": 0,
          "attributes": {
            "id": "node-role-20250121184345423700000002",
            "policy_arn": "arn:aws:iam::aws:policy/AmazonEKSWorkerNodePolicy",
            "role": "node-role"
          },
          "sensitive_attributes": [],
          "private": "bnVsbA==",
          "dependencies": [
            "aws_iam_role.node-role"
          ]
        }
      ]
    },
    {
      "mode": "managed",
      "type": "aws_iam_role_policy_attachment",
      "name": "AmazonEKS_CNI_Policy",
      "provider": "provider[\"registry.terraform.io/hashicorp/aws\"]",
      "instances": [
        {
          "schema_version": 0,
          "attributes": {
            "id": "node-role-20250121184345945900000006",
            "policy_arn": "arn:aws:iam::aws:policy/AmazonEKS_CNI_Policy",
            "role": "node-role"
          },
          "sensitive_attributes": [],
          "private": "bnVsbA==",
          "dependencies": [
            "aws_iam_role.node-role"
          ]
        }
      ]
    },
    {
      "mode": "managed",
      "type": "aws_iam_role_policy_attachment",
      "name": "ec2_full_access_policy",
      "provider": "provider[\"registry.terraform.io/hashicorp/aws\"]",
      "instances": [
        {
          "schema_version": 0,
          "attributes": {
            "id": "node-role-20250121184345605900000003",
            "policy_arn": "arn:aws:iam::aws:policy/AmazonEC2FullAccess",
            "role": "node-role"
          },
          "sensitive_attributes": [],
          "private": "bnVsbA==",
          "dependencies": [
            "aws_iam_role.node-role"
          ]
        }
      ]
    },
    {
      "mode": "managed",
      "type": "aws_iam_role_policy_attachment",
      "name": "eks-cluster-policy",
      "provider": "provider[\"registry.terraform.io/hashicorp/aws\"]",
      "instances": [
        {
          "schema_version": 0,
          "attributes": {
            "id": "cluster-role-20250121184345878600000005",
            "policy_arn": "arn:aws:iam::aws:policy/AmazonEKSClusterPolicy",
            "role": "cluster-role"
          },
          "sensitive_attributes": [],
          "private": "bnVsbA==",
          "dependencies": [
            "aws_iam_role.cluster-role"
          ]
        }
      ]
    },
    {
      "mode": "managed",
      "type": "aws_iam_role_policy_attachment",
      "name": "eks_service_policy",
      "provider": "provider[\"registry.terraform.io/hashicorp/aws\"]",
      "instances": [
        {
          "schema_version": 0,
          "attributes": {
            "id": "cluster-role-20250121184345853000000004",
            "policy_arn": "arn:aws:iam::aws:policy/AmazonEKSServicePolicy",
            "role": "cluster-role"
          },
          "sensitive_attributes": [],
          "private": "bnVsbA==",
          "dependencies": [
            "aws_iam_role.cluster-role"
          ]
        }
      ]
    },
    {
      "mode": "managed",
      "type": "aws_instance",
      "name": "jenkins",
      "provider": "provider[\"registry.terraform.io/hashicorp/aws\"]",
      "instances": [
        {
          "schema_version": 1,
          "attributes": {
            "ami": "ami-03fd334507439f4d1",
            "arn": "arn:aws:ec2:eu-west-1:277707120669:instance/i-0105eb6bcd2ff7459",
            "associate_public_ip_address": true,
            "availability_zone": "eu-west-1a",
            "capacity_reservation_specification": [
              {
                "capacity_reservation_preference": "open",
                "capacity_reservation_target": []
              }
            ],
            "cpu_core_count": 2,
            "cpu_options": [
              {
                "amd_sev_snp": "",
                "core_count": 2,
                "threads_per_core": 1
              }
            ],
            "cpu_threads_per_core": 1,
            "credit_specification": [
              {
                "cpu_credits": "standard"
              }
            ],
            "disable_api_stop": false,
            "disable_api_termination": false,
            "ebs_block_device": [],
            "ebs_optimized": false,
            "enable_primary_ipv6": null,
            "enclave_options": [
              {
                "enabled": false
              }
            ],
            "ephemeral_block_device": [],
            "get_password_data": false,
            "hibernation": false,
            "host_id": "",
            "host_resource_group_arn": null,
            "iam_instance_profile": "",
            "id": "i-0105eb6bcd2ff7459",
            "instance_initiated_shutdown_behavior": "stop",
            "instance_lifecycle": "",
            "instance_market_options": [],
            "instance_state": "running",
            "instance_type": "t2.large",
            "ipv6_address_count": 0,
            "ipv6_addresses": [],
            "key_name": "ssh_key",
            "launch_template": [],
            "maintenance_options": [
              {
                "auto_recovery": "default"
              }
            ],
            "metadata_options": [
              {
                "http_endpoint": "enabled",
                "http_protocol_ipv6": "disabled",
                "http_put_response_hop_limit": 2,
                "http_tokens": "required",
                "instance_metadata_tags": "disabled"
              }
            ],
            "monitoring": false,
            "network_interface": [],
            "outpost_arn": "",
            "password_data": "",
            "placement_group": "",
            "placement_partition_number": 0,
            "primary_network_interface_id": "eni-07d0177543ef0f40a",
            "private_dns": "ip-10-0-1-154.eu-west-1.compute.internal",
            "private_dns_name_options": [
              {
                "enable_resource_name_dns_a_record": false,
                "enable_resource_name_dns_aaaa_record": false,
                "hostname_type": "ip-name"
              }
            ],
            "private_ip": "10.0.1.154",
            "public_dns": "",
            "public_ip": "34.246.134.229",
            "root_block_device": [
              {
                "delete_on_termination": true,
                "device_name": "/dev/sda1",
                "encrypted": false,
                "iops": 3000,
                "kms_key_id": "",
                "tags": {},
                "tags_all": {},
                "throughput": 125,
                "volume_id": "vol-00abddd55e5675538",
                "volume_size": 50,
                "volume_type": "gp3"
              }
            ],
            "secondary_private_ips": [],
            "security_groups": [],
            "source_dest_check": true,
            "spot_instance_request_id": "",
            "subnet_id": "subnet-00353e1173b46bb51",
            "tags": {
              "Name": "jenkins"
            },
            "tags_all": {
              "Name": "jenkins"
            },
            "tenancy": "default",
            "timeouts": null,
            "user_data": null,
            "user_data_base64": null,
            "user_data_replace_on_change": false,
            "volume_tags": null,
            "vpc_security_group_ids": [
              "sg-00b03bae6959a196d"
            ]
          },
          "sensitive_attributes": [],
          "private": "eyJlMmJmYjczMC1lY2FhLTExZTYtOGY4OC0zNDM2M2JjN2M0YzAiOnsiY3JlYXRlIjo2MDAwMDAwMDAwMDAsImRlbGV0ZSI6MTIwMDAwMDAwMDAwMCwicmVhZCI6OTAwMDAwMDAwMDAwLCJ1cGRhdGUiOjYwMDAwMDAwMDAwMH0sInNjaGVtYV92ZXJzaW9uIjoiMSJ9",
          "dependencies": [
            "aws_security_group.eks_sg",
            "aws_subnet.first_subnet",
            "aws_vpc.myvpc"
          ]
        }
      ]
    },
    {
      "mode": "managed",
      "type": "aws_internet_gateway",
      "name": "gw",
      "provider": "provider[\"registry.terraform.io/hashicorp/aws\"]",
      "instances": [
        {
          "schema_version": 0,
          "attributes": {
            "arn": "arn:aws:ec2:eu-west-1:277707120669:internet-gateway/igw-06cbb452366004ce4",
            "id": "igw-06cbb452366004ce4",
            "owner_id": "277707120669",
            "tags": {
              "Name": "gw"
            },
            "tags_all": {
              "Name": "gw"
            },
            "timeouts": null,
            "vpc_id": "vpc-0b6c0396f8aebb6a6"
          },
          "sensitive_attributes": [],
          "private": "eyJlMmJmYjczMC1lY2FhLTExZTYtOGY4OC0zNDM2M2JjN2M0YzAiOnsiY3JlYXRlIjoxMjAwMDAwMDAwMDAwLCJkZWxldGUiOjEyMDAwMDAwMDAwMDAsInVwZGF0ZSI6MTIwMDAwMDAwMDAwMH19",
          "dependencies": [
            "aws_vpc.myvpc"
          ]
        }
      ]
    },
    {
      "mode": "managed",
      "type": "aws_key_pair",
      "name": "ssh_key",
      "provider": "provider[\"registry.terraform.io/hashicorp/aws\"]",
      "instances": [
        {
          "schema_version": 1,
          "attributes": {
            "arn": "arn:aws:ec2:eu-west-1:277707120669:key-pair/ssh_key",
            "fingerprint": "42:a6:e9:f5:bc:b1:d1:23:57:8a:09:bf:fc:97:77:f4",
            "id": "ssh_key",
            "key_name": "ssh_key",
            "key_name_prefix": "",
            "key_pair_id": "key-06a273eecbb6932e8",
            "key_type": "rsa",
            "public_key": "ssh-rsa AAAAB3NzaC1yc2EAAAADAQABAAACAQDYUN2Llvs6cdvMrApPHeoxkQoRtLWdHA+TgW0+K85GuJF8Kg74huMZchh5+eEgB46ADa+6JBH7srwfQECAiaY6eIwUWQVypYuoSNgyIGxXsvOHrq175ggvhWzgUxChNxzNj1/Ssnh30H61H3ZyNKCTdLbZcTbNecRSGM1MVVjD/16QZ/DLvYWnCeHhyMXQJXsafGWpDgOOfQzCFKiHP8p3IXJdyy0zXKdyrOOX0kx5eT6uZMt2UY7naNuLarKGZv27x5NTTxS0QXXp7AaKAb0IFesMyJuFo0ChnprINFy7TAbJI1VCHFHQoBLFwNMQ698KkHLXFTE+htZufxwx89HwKoZY24UvE94GX3kJQ8Dj1HdQio2SP9b2xy+t7PuURQvsskWIpZM+eQJCDc0+XYEe/kfv/1nq0uGGTStFo025As/cW/gIEvukAlbahCBJ+I2JURZ2lFyfbA0qDfsyc9aGUi0Sz4rz1p5DmuNFy4mWZPXy/ubDS4AhFes35qpim1Yl8YenXVfm5uNWfbTPpxIrEH3ZasiIKbzn9OOGeM3g+th64VyJFTHR1GolAZkpAVKUwJn43HrIycY9vmX0C6pu15gAYeiIpQo/yoQLJWYjR0mwlbOci7M1XlmmdJV9sJnO4O186M7HVBuyiVA2byxSJZhGEiV/Du3OqYU5q4U5vw== youssefhelwa2@gmail.com",
            "tags": {},
            "tags_all": {}
          },
          "sensitive_attributes": [],
          "private": "eyJzY2hlbWFfdmVyc2lvbiI6IjEifQ=="
        }
      ]
    },
    {
      "mode": "managed",
      "type": "aws_route_table",
      "name": "route",
      "provider": "provider[\"registry.terraform.io/hashicorp/aws\"]",
      "instances": [
        {
          "schema_version": 0,
          "attributes": {
            "arn": "arn:aws:ec2:eu-west-1:277707120669:route-table/rtb-0c1a747b192c6d6f1",
            "id": "rtb-0c1a747b192c6d6f1",
            "owner_id": "277707120669",
            "propagating_vgws": [],
            "route": [
              {
                "carrier_gateway_id": "",
                "cidr_block": "0.0.0.0/0",
                "core_network_arn": "",
                "destination_prefix_list_id": "",
                "egress_only_gateway_id": "",
                "gateway_id": "igw-06cbb452366004ce4",
                "ipv6_cidr_block": "",
                "local_gateway_id": "",
                "nat_gateway_id": "",
                "network_interface_id": "",
                "transit_gateway_id": "",
                "vpc_endpoint_id": "",
                "vpc_peering_connection_id": ""
              }
            ],
            "tags": {},
            "tags_all": {},
            "timeouts": null,
            "vpc_id": "vpc-0b6c0396f8aebb6a6"
          },
          "sensitive_attributes": [],
          "private": "eyJlMmJmYjczMC1lY2FhLTExZTYtOGY4OC0zNDM2M2JjN2M0YzAiOnsiY3JlYXRlIjozMDAwMDAwMDAwMDAsImRlbGV0ZSI6MzAwMDAwMDAwMDAwLCJ1cGRhdGUiOjEyMDAwMDAwMDAwMH19",
          "dependencies": [
            "aws_internet_gateway.gw",
            "aws_vpc.myvpc"
          ]
        }
      ]
    },
    {
      "mode": "managed",
      "type": "aws_route_table_association",
      "name": "first_subnet",
      "provider": "provider[\"registry.terraform.io/hashicorp/aws\"]",
      "instances": [
        {
          "schema_version": 0,
          "attributes": {
            "gateway_id": "",
            "id": "rtbassoc-0527593f59e0606a4",
            "route_table_id": "rtb-0c1a747b192c6d6f1",
            "subnet_id": "subnet-00353e1173b46bb51",
            "timeouts": null
          },
          "sensitive_attributes": [],
          "private": "eyJlMmJmYjczMC1lY2FhLTExZTYtOGY4OC0zNDM2M2JjN2M0YzAiOnsiY3JlYXRlIjozMDAwMDAwMDAwMDAsImRlbGV0ZSI6MzAwMDAwMDAwMDAwLCJ1cGRhdGUiOjEyMDAwMDAwMDAwMH19",
          "dependencies": [
            "aws_internet_gateway.gw",
            "aws_route_table.route",
            "aws_subnet.first_subnet",
            "aws_vpc.myvpc"
          ]
        }
      ]
    },
    {
      "mode": "managed",
      "type": "aws_route_table_association",
      "name": "second_subnet",
      "provider": "provider[\"registry.terraform.io/hashicorp/aws\"]",
      "instances": [
        {
          "schema_version": 0,
          "attributes": {
            "gateway_id": "",
            "id": "rtbassoc-09b7fd6ea8467b5b3",
            "route_table_id": "rtb-0c1a747b192c6d6f1",
            "subnet_id": "subnet-0cbd336d22e7d8e8b",
            "timeouts": null
          },
          "sensitive_attributes": [],
          "private": "eyJlMmJmYjczMC1lY2FhLTExZTYtOGY4OC0zNDM2M2JjN2M0YzAiOnsiY3JlYXRlIjozMDAwMDAwMDAwMDAsImRlbGV0ZSI6MzAwMDAwMDAwMDAwLCJ1cGRhdGUiOjEyMDAwMDAwMDAwMH19",
          "dependencies": [
            "aws_internet_gateway.gw",
            "aws_route_table.route",
            "aws_subnet.second_subnet",
            "aws_vpc.myvpc"
          ]
        }
      ]
    },
    {
      "mode": "managed",
      "type": "aws_security_group",
      "name": "eks_sg",
      "provider": "provider[\"registry.terraform.io/hashicorp/aws\"]",
      "instances": [
        {
          "schema_version": 1,
          "attributes": {
            "arn": "arn:aws:ec2:eu-west-1:277707120669:security-group/sg-00b03bae6959a196d",
            "description": "Security group for EKS Custer",
            "egress": [
              {
                "cidr_blocks": [
                  "0.0.0.0/0"
                ],
                "description": "Allow all outbound traffic",
                "from_port": 0,
                "ipv6_cidr_blocks": [],
                "prefix_list_ids": [],
                "protocol": "-1",
                "security_groups": [],
                "self": false,
                "to_port": 0
              }
            ],
            "id": "sg-00b03bae6959a196d",
            "ingress": [
              {
                "cidr_blocks": [
                  "0.0.0.0/0"
                ],
                "description": "Allow HTTP",
                "from_port": 80,
                "ipv6_cidr_blocks": [],
                "prefix_list_ids": [],
                "protocol": "tcp",
                "security_groups": [],
                "self": false,
                "to_port": 8080
              },
              {
                "cidr_blocks": [
                  "0.0.0.0/0"
                ],
                "description": "Allow HTTPS",
                "from_port": 443,
                "ipv6_cidr_blocks": [],
                "prefix_list_ids": [],
                "protocol": "tcp",
                "security_groups": [],
                "self": false,
                "to_port": 443
              },
              {
                "cidr_blocks": [
                  "0.0.0.0/0"
                ],
                "description": "Allow SSH",
                "from_port": 22,
                "ipv6_cidr_blocks": [],
                "prefix_list_ids": [],
                "protocol": "tcp",
                "security_groups": [],
                "self": false,
                "to_port": 22
              },
              {
                "cidr_blocks": [
                  "0.0.0.0/0"
                ],
                "description": "for container",
                "from_port": 0,
                "ipv6_cidr_blocks": [],
                "prefix_list_ids": [],
                "protocol": "tcp",
                "security_groups": [],
                "self": false,
                "to_port": 5000
              }
            ],
            "name": "eks_sg",
            "name_prefix": "",
            "owner_id": "277707120669",
            "revoke_rules_on_delete": false,
            "tags": {
              "Name": "eks_sg"
            },
            "tags_all": {
              "Name": "eks_sg"
            },
            "timeouts": null,
            "vpc_id": "vpc-0b6c0396f8aebb6a6"
          },
          "sensitive_attributes": [],
          "private": "eyJlMmJmYjczMC1lY2FhLTExZTYtOGY4OC0zNDM2M2JjN2M0YzAiOnsiY3JlYXRlIjo2MDAwMDAwMDAwMDAsImRlbGV0ZSI6OTAwMDAwMDAwMDAwfSwic2NoZW1hX3ZlcnNpb24iOiIxIn0=",
          "dependencies": [
            "aws_vpc.myvpc"
          ]
        }
      ]
    },
    {
      "mode": "managed",
      "type": "aws_subnet",
      "name": "first_subnet",
      "provider": "provider[\"registry.terraform.io/hashicorp/aws\"]",
      "instances": [
        {
          "schema_version": 1,
          "attributes": {
            "arn": "arn:aws:ec2:eu-west-1:277707120669:subnet/subnet-00353e1173b46bb51",
            "assign_ipv6_address_on_creation": false,
            "availability_zone": "eu-west-1a",
            "availability_zone_id": "euw1-az3",
            "cidr_block": "10.0.1.0/24",
            "customer_owned_ipv4_pool": "",
            "enable_dns64": false,
            "enable_lni_at_device_index": 0,
            "enable_resource_name_dns_a_record_on_launch": false,
            "enable_resource_name_dns_aaaa_record_on_launch": false,
            "id": "subnet-00353e1173b46bb51",
            "ipv6_cidr_block": "",
            "ipv6_cidr_block_association_id": "",
            "ipv6_native": false,
            "map_customer_owned_ip_on_launch": false,
            "map_public_ip_on_launch": true,
            "outpost_arn": "",
            "owner_id": "277707120669",
            "private_dns_hostname_type_on_launch": "ip-name",
            "tags": {
              "Name": "first_subnet"
            },
            "tags_all": {
              "Name": "first_subnet"
            },
            "timeouts": null,
            "vpc_id": "vpc-0b6c0396f8aebb6a6"
          },
          "sensitive_attributes": [],
          "private": "eyJlMmJmYjczMC1lY2FhLTExZTYtOGY4OC0zNDM2M2JjN2M0YzAiOnsiY3JlYXRlIjo2MDAwMDAwMDAwMDAsImRlbGV0ZSI6MTIwMDAwMDAwMDAwMH0sInNjaGVtYV92ZXJzaW9uIjoiMSJ9",
          "dependencies": [
            "aws_vpc.myvpc"
          ]
        }
      ]
    },
    {
      "mode": "managed",
      "type": "aws_subnet",
      "name": "second_subnet",
      "provider": "provider[\"registry.terraform.io/hashicorp/aws\"]",
      "instances": [
        {
          "schema_version": 1,
          "attributes": {
            "arn": "arn:aws:ec2:eu-west-1:277707120669:subnet/subnet-0cbd336d22e7d8e8b",
            "assign_ipv6_address_on_creation": false,
            "availability_zone": "eu-west-1b",
            "availability_zone_id": "euw1-az1",
            "cidr_block": "10.0.2.0/24",
            "customer_owned_ipv4_pool": "",
            "enable_dns64": false,
            "enable_lni_at_device_index": 0,
            "enable_resource_name_dns_a_record_on_launch": false,
            "enable_resource_name_dns_aaaa_record_on_launch": false,
            "id": "subnet-0cbd336d22e7d8e8b",
            "ipv6_cidr_block": "",
            "ipv6_cidr_block_association_id": "",
            "ipv6_native": false,
            "map_customer_owned_ip_on_launch": false,
            "map_public_ip_on_launch": true,
            "outpost_arn": "",
            "owner_id": "277707120669",
            "private_dns_hostname_type_on_launch": "ip-name",
            "tags": {
              "Name": "second_subnet"
            },
            "tags_all": {
              "Name": "second_subnet"
            },
            "timeouts": null,
            "vpc_id": "vpc-0b6c0396f8aebb6a6"
          },
          "sensitive_attributes": [],
          "private": "eyJlMmJmYjczMC1lY2FhLTExZTYtOGY4OC0zNDM2M2JjN2M0YzAiOnsiY3JlYXRlIjo2MDAwMDAwMDAwMDAsImRlbGV0ZSI6MTIwMDAwMDAwMDAwMH0sInNjaGVtYV92ZXJzaW9uIjoiMSJ9",
          "dependencies": [
            "aws_vpc.myvpc"
          ]
        }
      ]
    },
    {
      "mode": "managed",
      "type": "aws_vpc",
      "name": "myvpc",
      "provider": "provider[\"registry.terraform.io/hashicorp/aws\"]",
      "instances": [
        {
          "schema_version": 1,
          "attributes": {
            "arn": "arn:aws:ec2:eu-west-1:277707120669:vpc/vpc-0b6c0396f8aebb6a6",
            "assign_generated_ipv6_cidr_block": false,
            "cidr_block": "10.0.0.0/16",
            "default_network_acl_id": "acl-0cd1d2828df339d42",
            "default_route_table_id": "rtb-0af09d76103d10b5e",
            "default_security_group_id": "sg-0819d2a220a1c305d",
            "dhcp_options_id": "dopt-017a6e75a840ac42a",
            "enable_dns_hostnames": false,
            "enable_dns_support": true,
            "enable_network_address_usage_metrics": false,
            "id": "vpc-0b6c0396f8aebb6a6",
            "instance_tenancy": "default",
            "ipv4_ipam_pool_id": null,
            "ipv4_netmask_length": null,
            "ipv6_association_id": "",
            "ipv6_cidr_block": "",
            "ipv6_cidr_block_network_border_group": "",
            "ipv6_ipam_pool_id": "",
            "ipv6_netmask_length": 0,
            "main_route_table_id": "rtb-0af09d76103d10b5e",
            "owner_id": "277707120669",
            "tags": {
              "Name": "myvpc"
            },
            "tags_all": {
              "Name": "myvpc"
            }
          },
          "sensitive_attributes": [],
          "private": "eyJzY2hlbWFfdmVyc2lvbiI6IjEifQ=="
        }
      ]
    }
  ],
  "check_results": null
}
